
Microsoft Visual Studio Solution File, Format Version 12.00
# Visual Studio Version 16
VisualStudioVersion = 16.0.29001.49
MinimumVisualStudioVersion = 10.0.40219.1
Project("{FAE04EC0-301F-11D3-BF4B-00C04F79EFBC}") = "Hello world", "Hello world\Hello world.csproj", "{0D30F428-6350-4765-921D-A82DDB46419E}"
EndProject
Global
	GlobalSection(SolutionConfigurationPlatforms) = preSolution
		Debug|Any CPU = Debug|Any CPU
		Release|Any CPU = Release|Any CPU
	EndGlobalSection
	GlobalSection(ProjectConfigurationPlatforms) = postSolution
		{0D30F428-6350-4765-921D-A82DDB46419E}.Debug|Any CPU.ActiveCfg = Debug|Any CPU
		{0D30F428-6350-4765-921D-A82DDB46419E}.Debug|Any CPU.Build.0 = Debug|Any CPU
		{0D30F428-6350-4765-921D-A82DDB46419E}.Release|Any CPU.ActiveCfg = Release|Any CPU
		{0D30F428-6350-4765-921D-A82DDB46419E}.Release|Any CPU.Build.0 = Release|Any CPU
	EndGlobalSection
	GlobalSection(SolutionProperties) = preSolution
		HideSolutionNode = FALSE
	EndGlobalSection
	GlobalSection(ExtensibilityGlobals) = postSolution
		SolutionGuid = {8704DBAA-92D4-4010-AABF-94C2D9D287AA}
	EndGlobalSection
EndGlobal
